
Microsoft Visual Studio Solution File, Format Version 12.00
# Visual Studio Version 16
VisualStudioVersion = 16.0.30114.105
MinimumVisualStudioVersion = 10.0.40219.1
Project("{2150E333-8FDC-42A3-9474-1A3956D46DE8}") = "src", "src", "{C6E1CFBF-2A24-4A45-9C21-9D6FAB58B0B4}"
EndProject
Project("{FAE04EC0-301F-11D3-BF4B-00C04F79EFBC}") = "Vulder.Search.Api", "src\Vulder.Search.Api\Vulder.Search.Api.csproj", "{2C0F445B-9E0E-40F8-BA9B-B892A0815E9B}"
EndProject
Project("{FAE04EC0-301F-11D3-BF4B-00C04F79EFBC}") = "Vulder.Search.Application", "src\Vulder.Search.Application\Vulder.Search.Application.csproj", "{C0B29C4D-D1C3-4B6E-9C65-C4DC734CC25F}"
EndProject
Project("{FAE04EC0-301F-11D3-BF4B-00C04F79EFBC}") = "Vulder.Search.Core", "src\Vulder.Search.Core\Vulder.Search.Core.csproj", "{2BD93664-98C7-4483-A1BB-BE47E89B144E}"
EndProject
Project("{FAE04EC0-301F-11D3-BF4B-00C04F79EFBC}") = "Vulder.Search.Infrastructure", "src\Vulder.Search.Infrastructure\Vulder.Search.Infrastructure.csproj", "{8005E233-24B5-45FA-836C-00E8E35E5B39}"
EndProject
Project("{2150E333-8FDC-42A3-9474-1A3956D46DE8}") = "test", "test", "{9FFE670E-DF84-4006-B603-F88901A5A126}"
EndProject
Project("{FAE04EC0-301F-11D3-BF4B-00C04F79EFBC}") = "Vulder.Search.IntegrationTests", "test\Vulder.Search.IntegrationTests\Vulder.Search.IntegrationTests.csproj", "{47146845-82C6-4884-A74A-7BCC772BA6C0}"
EndProject
Project("{FAE04EC0-301F-11D3-BF4B-00C04F79EFBC}") = "Vulder.Search.UnitTests", "test\Vulder.Search.UnitTests\Vulder.Search.UnitTests.csproj", "{589ADA42-D860-4EB4-A9B5-DC95D03E2C9B}"
EndProject
Global
	GlobalSection(SolutionConfigurationPlatforms) = preSolution
		Debug|Any CPU = Debug|Any CPU
		Release|Any CPU = Release|Any CPU
	EndGlobalSection
	GlobalSection(SolutionProperties) = preSolution
		HideSolutionNode = FALSE
	EndGlobalSection
	GlobalSection(ProjectConfigurationPlatforms) = postSolution
		{2C0F445B-9E0E-40F8-BA9B-B892A0815E9B}.Debug|Any CPU.ActiveCfg = Debug|Any CPU
		{2C0F445B-9E0E-40F8-BA9B-B892A0815E9B}.Debug|Any CPU.Build.0 = Debug|Any CPU
		{2C0F445B-9E0E-40F8-BA9B-B892A0815E9B}.Release|Any CPU.ActiveCfg = Release|Any CPU
		{2C0F445B-9E0E-40F8-BA9B-B892A0815E9B}.Release|Any CPU.Build.0 = Release|Any CPU
		{C0B29C4D-D1C3-4B6E-9C65-C4DC734CC25F}.Debug|Any CPU.ActiveCfg = Debug|Any CPU
		{C0B29C4D-D1C3-4B6E-9C65-C4DC734CC25F}.Debug|Any CPU.Build.0 = Debug|Any CPU
		{C0B29C4D-D1C3-4B6E-9C65-C4DC734CC25F}.Release|Any CPU.ActiveCfg = Release|Any CPU
		{C0B29C4D-D1C3-4B6E-9C65-C4DC734CC25F}.Release|Any CPU.Build.0 = Release|Any CPU
		{2BD93664-98C7-4483-A1BB-BE47E89B144E}.Debug|Any CPU.ActiveCfg = Debug|Any CPU
		{2BD93664-98C7-4483-A1BB-BE47E89B144E}.Debug|Any CPU.Build.0 = Debug|Any CPU
		{2BD93664-98C7-4483-A1BB-BE47E89B144E}.Release|Any CPU.ActiveCfg = Release|Any CPU
		{2BD93664-98C7-4483-A1BB-BE47E89B144E}.Release|Any CPU.Build.0 = Release|Any CPU
		{8005E233-24B5-45FA-836C-00E8E35E5B39}.Debug|Any CPU.ActiveCfg = Debug|Any CPU
		{8005E233-24B5-45FA-836C-00E8E35E5B39}.Debug|Any CPU.Build.0 = Debug|Any CPU
		{8005E233-24B5-45FA-836C-00E8E35E5B39}.Release|Any CPU.ActiveCfg = Release|Any CPU
		{8005E233-24B5-45FA-836C-00E8E35E5B39}.Release|Any CPU.Build.0 = Release|Any CPU
		{47146845-82C6-4884-A74A-7BCC772BA6C0}.Debug|Any CPU.ActiveCfg = Debug|Any CPU
		{47146845-82C6-4884-A74A-7BCC772BA6C0}.Debug|Any CPU.Build.0 = Debug|Any CPU
		{47146845-82C6-4884-A74A-7BCC772BA6C0}.Release|Any CPU.ActiveCfg = Release|Any CPU
		{47146845-82C6-4884-A74A-7BCC772BA6C0}.Release|Any CPU.Build.0 = Release|Any CPU
		{589ADA42-D860-4EB4-A9B5-DC95D03E2C9B}.Debug|Any CPU.ActiveCfg = Debug|Any CPU
		{589ADA42-D860-4EB4-A9B5-DC95D03E2C9B}.Debug|Any CPU.Build.0 = Debug|Any CPU
		{589ADA42-D860-4EB4-A9B5-DC95D03E2C9B}.Release|Any CPU.ActiveCfg = Release|Any CPU
		{589ADA42-D860-4EB4-A9B5-DC95D03E2C9B}.Release|Any CPU.Build.0 = Release|Any CPU
	EndGlobalSection
	GlobalSection(NestedProjects) = preSolution
		{2C0F445B-9E0E-40F8-BA9B-B892A0815E9B} = {C6E1CFBF-2A24-4A45-9C21-9D6FAB58B0B4}
		{C0B29C4D-D1C3-4B6E-9C65-C4DC734CC25F} = {C6E1CFBF-2A24-4A45-9C21-9D6FAB58B0B4}
		{2BD93664-98C7-4483-A1BB-BE47E89B144E} = {C6E1CFBF-2A24-4A45-9C21-9D6FAB58B0B4}
		{8005E233-24B5-45FA-836C-00E8E35E5B39} = {C6E1CFBF-2A24-4A45-9C21-9D6FAB58B0B4}
		{47146845-82C6-4884-A74A-7BCC772BA6C0} = {9FFE670E-DF84-4006-B603-F88901A5A126}
		{589ADA42-D860-4EB4-A9B5-DC95D03E2C9B} = {9FFE670E-DF84-4006-B603-F88901A5A126}
	EndGlobalSection
EndGlobal
